
Microsoft Visual Studio Solution File, Format Version 12.00
# Visual Studio Version 16
VisualStudioVersion = 16.0.29920.165
MinimumVisualStudioVersion = 10.0.40219.1
Project("{FAE04EC0-301F-11D3-BF4B-00C04F79EFBC}") = "ekaGraafinen", "ekaGraafinen\ekaGraafinen.csproj", "{35C95D4F-E719-4F55-AC56-148389262A9C}"
EndProject
Global
	GlobalSection(SolutionConfigurationPlatforms) = preSolution
		Debug|Any CPU = Debug|Any CPU
		Release|Any CPU = Release|Any CPU
	EndGlobalSection
	GlobalSection(ProjectConfigurationPlatforms) = postSolution
		{35C95D4F-E719-4F55-AC56-148389262A9C}.Debug|Any CPU.ActiveCfg = Debug|Any CPU
		{35C95D4F-E719-4F55-AC56-148389262A9C}.Debug|Any CPU.Build.0 = Debug|Any CPU
		{35C95D4F-E719-4F55-AC56-148389262A9C}.Release|Any CPU.ActiveCfg = Release|Any CPU
		{35C95D4F-E719-4F55-AC56-148389262A9C}.Release|Any CPU.Build.0 = Release|Any CPU
	EndGlobalSection
	GlobalSection(SolutionProperties) = preSolution
		HideSolutionNode = FALSE
	EndGlobalSection
	GlobalSection(ExtensibilityGlobals) = postSolution
		SolutionGuid = {23277033-FD0D-49A4-B6C0-26CE2F606336}
	EndGlobalSection
EndGlobal
