
Microsoft Visual Studio Solution File, Format Version 12.00
# Visual Studio Version 16
VisualStudioVersion = 16.0.29920.165
MinimumVisualStudioVersion = 10.0.40219.1
Project("{FAE04EC0-301F-11D3-BF4B-00C04F79EFBC}") = "tokaGraafinen", "tokaGraafinen\tokaGraafinen.csproj", "{F26A2AF7-5CBB-4461-97D3-81B5B01CFD08}"
EndProject
Global
	GlobalSection(SolutionConfigurationPlatforms) = preSolution
		Debug|Any CPU = Debug|Any CPU
		Release|Any CPU = Release|Any CPU
	EndGlobalSection
	GlobalSection(ProjectConfigurationPlatforms) = postSolution
		{F26A2AF7-5CBB-4461-97D3-81B5B01CFD08}.Debug|Any CPU.ActiveCfg = Debug|Any CPU
		{F26A2AF7-5CBB-4461-97D3-81B5B01CFD08}.Debug|Any CPU.Build.0 = Debug|Any CPU
		{F26A2AF7-5CBB-4461-97D3-81B5B01CFD08}.Release|Any CPU.ActiveCfg = Release|Any CPU
		{F26A2AF7-5CBB-4461-97D3-81B5B01CFD08}.Release|Any CPU.Build.0 = Release|Any CPU
	EndGlobalSection
	GlobalSection(SolutionProperties) = preSolution
		HideSolutionNode = FALSE
	EndGlobalSection
	GlobalSection(ExtensibilityGlobals) = postSolution
		SolutionGuid = {7C031F88-65D1-4BF8-96F7-3BB4B9DEED8A}
	EndGlobalSection
EndGlobal
