
Microsoft Visual Studio Solution File, Format Version 12.00
# Visual Studio Version 16
VisualStudioVersion = 16.0.31702.278
MinimumVisualStudioVersion = 10.0.40219.1
Project("{FAE04EC0-301F-11D3-BF4B-00C04F79EFBC}") = "LukuSyotto", "LukuSyotto\LukuSyotto.csproj", "{3533B6D8-DEB8-40B1-87B9-659EE0A196F3}"
EndProject
Global
	GlobalSection(SolutionConfigurationPlatforms) = preSolution
		Debug|Any CPU = Debug|Any CPU
		Release|Any CPU = Release|Any CPU
	EndGlobalSection
	GlobalSection(ProjectConfigurationPlatforms) = postSolution
		{3533B6D8-DEB8-40B1-87B9-659EE0A196F3}.Debug|Any CPU.ActiveCfg = Debug|Any CPU
		{3533B6D8-DEB8-40B1-87B9-659EE0A196F3}.Debug|Any CPU.Build.0 = Debug|Any CPU
		{3533B6D8-DEB8-40B1-87B9-659EE0A196F3}.Release|Any CPU.ActiveCfg = Release|Any CPU
		{3533B6D8-DEB8-40B1-87B9-659EE0A196F3}.Release|Any CPU.Build.0 = Release|Any CPU
	EndGlobalSection
	GlobalSection(SolutionProperties) = preSolution
		HideSolutionNode = FALSE
	EndGlobalSection
	GlobalSection(ExtensibilityGlobals) = postSolution
		SolutionGuid = {BB739938-95D0-4FDE-BC40-BA4923A0C0BB}
	EndGlobalSection
EndGlobal
